
Microsoft Visual Studio Solution File, Format Version 12.00
# Visual Studio Version 17
VisualStudioVersion = 17.11.35303.130
MinimumVisualStudioVersion = 10.0.40219.1
Project("{FAE04EC0-301F-11D3-BF4B-00C04F79EFBC}") = "GestionAvanzadaDeInformacionPersonal", "GestionAvanzadaDeInformacionPersonal\GestionAvanzadaDeInformacionPersonal.csproj", "{C2B2F93E-335A-489C-A816-332CC37B5243}"
EndProject
Global
	GlobalSection(SolutionConfigurationPlatforms) = preSolution
		Debug|Any CPU = Debug|Any CPU
		Release|Any CPU = Release|Any CPU
	EndGlobalSection
	GlobalSection(ProjectConfigurationPlatforms) = postSolution
		{C2B2F93E-335A-489C-A816-332CC37B5243}.Debug|Any CPU.ActiveCfg = Debug|Any CPU
		{C2B2F93E-335A-489C-A816-332CC37B5243}.Debug|Any CPU.Build.0 = Debug|Any CPU
		{C2B2F93E-335A-489C-A816-332CC37B5243}.Release|Any CPU.ActiveCfg = Release|Any CPU
		{C2B2F93E-335A-489C-A816-332CC37B5243}.Release|Any CPU.Build.0 = Release|Any CPU
	EndGlobalSection
	GlobalSection(SolutionProperties) = preSolution
		HideSolutionNode = FALSE
	EndGlobalSection
	GlobalSection(ExtensibilityGlobals) = postSolution
		SolutionGuid = {FACC92E1-1B6D-4038-93D6-9FEDB2F566CF}
	EndGlobalSection
EndGlobal
